
Microsoft Visual Studio Solution File, Format Version 12.00
# Visual Studio 15
VisualStudioVersion = 15.0.28010.0
MinimumVisualStudioVersion = 10.0.40219.1
Project("{FAE04EC0-301F-11D3-BF4B-00C04F79EFBC}") = "Csv4000", "Csv4000\Csv4000.csproj", "{33A83408-7AF5-4002-9B1C-ADF65E6EA188}"
EndProject
Project("{FAE04EC0-301F-11D3-BF4B-00C04F79EFBC}") = "Csv4000.Tests", "Csv4000.Tests\Csv4000.Tests.csproj", "{3BB518A5-E347-427B-91C8-9B3665FFADFC}"
EndProject
Global
	GlobalSection(SolutionConfigurationPlatforms) = preSolution
		Debug|Any CPU = Debug|Any CPU
		Release|Any CPU = Release|Any CPU
	EndGlobalSection
	GlobalSection(ProjectConfigurationPlatforms) = postSolution
		{33A83408-7AF5-4002-9B1C-ADF65E6EA188}.Debug|Any CPU.ActiveCfg = Debug|Any CPU
		{33A83408-7AF5-4002-9B1C-ADF65E6EA188}.Debug|Any CPU.Build.0 = Debug|Any CPU
		{33A83408-7AF5-4002-9B1C-ADF65E6EA188}.Release|Any CPU.ActiveCfg = Release|Any CPU
		{33A83408-7AF5-4002-9B1C-ADF65E6EA188}.Release|Any CPU.Build.0 = Release|Any CPU
		{3BB518A5-E347-427B-91C8-9B3665FFADFC}.Debug|Any CPU.ActiveCfg = Debug|Any CPU
		{3BB518A5-E347-427B-91C8-9B3665FFADFC}.Debug|Any CPU.Build.0 = Debug|Any CPU
		{3BB518A5-E347-427B-91C8-9B3665FFADFC}.Release|Any CPU.ActiveCfg = Release|Any CPU
		{3BB518A5-E347-427B-91C8-9B3665FFADFC}.Release|Any CPU.Build.0 = Release|Any CPU
	EndGlobalSection
	GlobalSection(SolutionProperties) = preSolution
		HideSolutionNode = FALSE
	EndGlobalSection
	GlobalSection(ExtensibilityGlobals) = postSolution
		SolutionGuid = {E8260D49-03F2-4234-A0E5-544B141D22DD}
	EndGlobalSection
EndGlobal
